version = 1
revision = 3
requires-python = ">=3.12"

[[package]]
name = "avro"
version = "1.12.1"
source = { registry = "https://pypi.org/simple" }
sdist = { url = "https://files.pythonhosted.org/packages/60/00/af1eec633637e12d0945a97f05a429eed83ac45865af60cb453db4689d95/avro-1.12.1.tar.gz", hash = "sha256:c5b8dd2dd4c10816f0dc127cc29cfd43b5e405cf7e6840e89460a024bf3d098d", size = 91115, upload-time = "2025-10-15T21:05:33.859Z" }
wheels = [
    { url = "https://files.pythonhosted.org/packages/f0/2b/3d5f41d5b46246216fa62d1a0a6813c74ba8b0ef990644b6bd3cde82d042/avro-1.12.1-py2.py3-none-any.whl", hash = "sha256:970475dd6457924533966fe761be607c759d5a48390cc8fbed472f7c9a8868f2", size = 124250, upload-time = "2025-10-15T21:05:32.815Z" },
]

[[package]]
name = "finnhub-streaming-data-pipeline"
version = "0.1.0"
source = { virtual = "." }
dependencies = [
    { name = "avro" },
    { name = "kafka-python" },
    { name = "python-dotenv" },
    { name = "websocket-client" },
]

[package.metadata]
requires-dist = [
    { name = "avro", specifier = ">=1.12.1" },
    { name = "kafka-python", specifier = ">=3.0.9" },
    { name = "python-dotenv", specifier = ">=1.2.2" },
    { name = "websocket-client", specifier = ">=1.9.0" },
]

[[package]]
name = "kafka-python"
version = "3.0.9"
source = { registry = "https://pypi.org/simple" }
sdist = { url = "https://files.pythonhosted.org/packages/99/ae/2a6a54192fa336d10306a10f67a2db7ebb70bbe1600127b29fd45f18af50/kafka_python-3.0.9.tar.gz", hash = "sha256:703c00a59d9853494a9821f8665d99e9443951dabe657a0b2a24e9e50a70703d", size = 513213, upload-time = "2026-07-21T18:19:27.838Z" }
wheels = [
    { url = "https://files.pythonhosted.org/packages/fa/a0/d6c0d888a865fe06fc9746ca0519f511acca4b36a750e04b703ed47fdd61/kafka_python-3.0.9-py3-none-any.whl", hash = "sha256:506ba871979b79813120bbf522bd71d827611c0756de57aac5a15f111a11bed4", size = 614119, upload-time = "2026-07-21T18:19:25.739Z" },
]

[[package]]
name = "python-dotenv"
version = "1.2.2"
source = { registry = "https://pypi.org/simple" }
sdist = { url = "https://files.pythonhosted.org/packages/82/ed/0301aeeac3e5353ef3d94b6ec08bbcabd04a72018415dcb29e588514bba8/python_dotenv-1.2.2.tar.gz", hash = "sha256:2c371a91fbd7ba082c2c1dc1f8bf89ca22564a087c2c287cd9b662adde799cf3", size = 50135, upload-time = "2026-03-01T16:00:26.196Z" }
wheels = [
    { url = "https://files.pythonhosted.org/packages/0b/d7/1959b9648791274998a9c3526f6d0ec8fd2233e4d4acce81bbae76b44b2a/python_dotenv-1.2.2-py3-none-any.whl", hash = "sha256:1d8214789a24de455a8b8bd8ae6fe3c6b69a5e3d64aa8a8e5d68e694bbcb285a", size = 22101, upload-time = "2026-03-01T16:00:25.09Z" },
]

[[package]]
name = "websocket-client"
version = "1.9.0"
source = { registry = "https://pypi.org/simple" }
sdist = { url = "https://files.pythonhosted.org/packages/2c/41/aa4bf9664e4cda14c3b39865b12251e8e7d239f4cd0e3cc1b6c2ccde25c1/websocket_client-1.9.0.tar.gz", hash = "sha256:9e813624b6eb619999a97dc7958469217c3176312b3a16a4bd1bc7e08a46ec98", size = 70576, upload-time = "2025-10-07T21:16:36.495Z" }
wheels = [
    { url = "https://files.pythonhosted.org/packages/34/db/b10e48aa8fff7407e67470363eac595018441cf32d5e1001567a7aeba5d2/websocket_client-1.9.0-py3-none-any.whl", hash = "sha256:af248a825037ef591efbf6ed20cc5faa03d3b47b9e5a2230a529eeee1c1fc3ef", size = 82616, upload-time = "2025-10-07T21:16:34.951Z" },
]
